
Microsoft Visual Studio Solution File, Format Version 12.00
# Visual Studio Version 17
VisualStudioVersion = 17.7.34003.232
MinimumVisualStudioVersion = 10.0.40219.1
Project("{FAE04EC0-301F-11D3-BF4B-00C04F79EFBC}") = "trashmail-request", "trashmail-request\trashmail-request.csproj", "{D62F8C2A-9209-4D3A-A8AA-395B50F20323}"
EndProject
Global
	GlobalSection(SolutionConfigurationPlatforms) = preSolution
		Debug|Any CPU = Debug|Any CPU
		Release|Any CPU = Release|Any CPU
	EndGlobalSection
	GlobalSection(ProjectConfigurationPlatforms) = postSolution
		{D62F8C2A-9209-4D3A-A8AA-395B50F20323}.Debug|Any CPU.ActiveCfg = Debug|Any CPU
		{D62F8C2A-9209-4D3A-A8AA-395B50F20323}.Debug|Any CPU.Build.0 = Debug|Any CPU
		{D62F8C2A-9209-4D3A-A8AA-395B50F20323}.Release|Any CPU.ActiveCfg = Release|Any CPU
		{D62F8C2A-9209-4D3A-A8AA-395B50F20323}.Release|Any CPU.Build.0 = Release|Any CPU
	EndGlobalSection
	GlobalSection(SolutionProperties) = preSolution
		HideSolutionNode = FALSE
	EndGlobalSection
	GlobalSection(ExtensibilityGlobals) = postSolution
		SolutionGuid = {34E77AF1-2AF0-4515-8E04-46AA616E0859}
	EndGlobalSection
EndGlobal
